// !$*UTF8*$!
{
	archiveVersion = 1;
	classes = {
	};
	objectVersion = 56;
	objects = {

/* Begin PBXBuildFile section */
		164AB2A12A9FEA5500C068F8 /* MyFirstApp.swift in Sources */ = {isa = PBXBuildFile; fileRef = 164AB2A02A9FEA5500C068F8 /* MyFirstApp.swift */; };
		164AB2A32A9FEA5500C068F8 /* ContentView.swift in Sources */ = {isa = PBXBuildFile; fileRef = 164AB2A22A9FEA5500C068F8 /* ContentView.swift */; };
		164AB2A52A9FEA5500C068F8 /* Assets.xcassets in Resources */ = {isa = PBXBuildFile; fileRef = 164AB2A42A9FEA5500C068F8 /* Assets.xcassets */; };
		164AB2A82A9FEA5500C068F8 /* Preview Assets.xcassets in Resources */ = {isa = PBXBuildFile; fileRef = 164AB2A72A9FEA5500C068F8 /* Preview Assets.xcassets */; };
		164AB2B32A9FEA5600C068F8 /* MyFirstTests.swift in Sources */ = {isa = PBXBuildFile; fileRef = 164AB2B22A9FEA5600C068F8 /* MyFirstTests.swift */; };
		164AB2BD2A9FEA5600C068F8 /* MyFirstUITests.swift in Sources */ = {isa = PBXBuildFile; fileRef = 164AB2BC2A9FEA5600C068F8 /* MyFirstUITests.swift */; };
		164AB2BF2A9FEA5600C068F8 /* MyFirstUITestsLaunchTests.swift in Sources */ = {isa = PBXBuildFile; fileRef = 164AB2BE2A9FEA5600C068F8 /* MyFirstUITestsLaunchTests.swift */; };
		164AB2CC2A9FF77500C068F8 /* ByeView.swift in Sources */ = {isa = PBXBuildFile; fileRef = 164AB2CB2A9FF77500C068F8 /* ByeView.swift */; };
/* End PBXBuildFile section */

/* Begin PBXContainerItemProxy section */
		164AB2AF2A9FEA5600C068F8 /* PBXContainerItemProxy */ = {
			isa = PBXContainerItemProxy;
			containerPortal = 164AB2952A9FEA5500C068F8 /* Project object */;
			proxyType = 1;
			remoteGlobalIDString = 164AB29C2A9FEA5500C068F8;
			remoteInfo = MyFirst;
		};
		164AB2B92A9FEA5600C068F8 /* PBXContainerItemProxy */ = {
			isa = PBXContainerItemProxy;
			containerPortal = 164AB2952A9FEA5500C068F8 /* Project object */;
			proxyType = 1;
			remoteGlobalIDString = 164AB29C2A9FEA5500C068F8;
			remoteInfo = MyFirst;
		};
/* End PBXContainerItemProxy section */

/* Begin PBXFileReference section */
		164AB29D2A9FEA5500C068F8 /* MyFirst.app */ = {isa = PBXFileReference; explicitFileType = wrapper.application; includeInIndex = 0; path = MyFirst.app; sourceTree = BUILT_PRODUCTS_DIR; };
		164AB2A02A9FEA5500C068F8 /* MyFirstApp.swift */ = {isa = PBXFileReference; lastKnownFileType = sourcecode.swift; path = MyFirstApp.swift; sourceTree = "<group>"; };
		164AB2A22A9FEA5500C068F8 /* ContentView.swift */ = {isa = PBXFileReference; lastKnownFileType = sourcecode.swift; path = ContentView.swift; sourceTree = "<group>"; };
		164AB2A42A9FEA5500C068F8 /* Assets.xcassets */ = {isa = PBXFileReference; lastKnownFileType = folder.assetcatalog; path = Assets.xcassets; sourceTree = "<group>"; };
		164AB2A72A9FEA5500C068F8 /* Preview Assets.xcassets */ = {isa = PBXFileReference; lastKnownFileType = folder.assetcatalog; path = "Preview Assets.xcassets"; sourceTree = "<group>"; };
		164AB2A92A9FEA5500C068F8 /* MyFirst.entitlements */ = {isa = PBXFileReference; lastKnownFileType = text.plist.entitlements; path = MyFirst.entitlements; sourceTree = "<group>"; };
		164AB2AE2A9FEA5600C068F8 /* MyFirstTests.xctest */ = {isa = PBXFileReference; explicitFileType = wrapper.cfbundle; includeInIndex = 0; path = MyFirstTests.xctest; sourceTree = BUILT_PRODUCTS_DIR; };
		164AB2B22A9FEA5600C068F8 /* MyFirstTests.swift */ = {isa = PBXFileReference; lastKnownFileType = sourcecode.swift; path = MyFirstTests.swift; sourceTree = "<group>"; };
		164AB2B82A9FEA5600C068F8 /* MyFirstUITests.xctest */ = {isa = PBXFileReference; explicitFileType = wrapper.cfbundle; includeInIndex = 0; path = MyFirstUITests.xctest; sourceTree = BUILT_PRODUCTS_DIR; };
		164AB2BC2A9FEA5600C068F8 /* MyFirstUITests.swift */ = {isa = PBXFileReference; lastKnownFileType = sourcecode.swift; path = MyFirstUITests.swift; sourceTree = "<group>"; };
		164AB2BE2A9FEA5600C068F8 /* MyFirstUITestsLaunchTests.swift */ = {isa = PBXFileReference; lastKnownFileType = sourcecode.swift; path = MyFirstUITestsLaunchTests.swift; sourceTree = "<group>"; };
		164AB2CB2A9FF77500C068F8 /* ByeView.swift */ = {isa = PBXFileReference; lastKnownFileType = sourcecode.swift; path = ByeView.swift; sourceTree = "<group>"; };
/* End PBXFileReference section */

/* Begin PBXFrameworksBuildPhase section */
		164AB29A2A9FEA5500C068F8 /* Frameworks */ = {
			isa = PBXFrameworksBuildPhase;
			buildActionMask = 2147483647;
			files = (
			);
			runOnlyForDeploymentPostprocessing = 0;
		};
		164AB2AB2A9FEA5600C068F8 /* Frameworks */ = {
			isa = PBXFrameworksBuildPhase;
			buildActionMask = 2147483647;
			files = (
			);
			runOnlyForDeploymentPostprocessing = 0;
		};
		164AB2B52A9FEA5600C068F8 /* Frameworks */ = {
			isa = PBXFrameworksBuildPhase;
			buildActionMask = 2147483647;
			files = (
			);
			runOnlyForDeploymentPostprocessing = 0;
		};
/* End PBXFrameworksBuildPhase section */

/* Begin PBXGroup section */
		164AB2942A9FEA5400C068F8 = {
			isa = PBXGroup;
			children = (
				164AB29F2A9FEA5500C068F8 /* MyFirst */,
				164AB2B12A9FEA5600C068F8 /* MyFirstTests */,
				164AB2BB2A9FEA5600C068F8 /* MyFirstUITests */,
				164AB29E2A9FEA5500C068F8 /* Products */,
			);
			sourceTree = "<group>";
		};
		164AB29E2A9FEA5500C068F8 /* Products */ = {
			isa = PBXGroup;
			children = (
				164AB29D2A9FEA5500C068F8 /* MyFirst.app */,
				164AB2AE2A9FEA5600C068F8 /* MyFirstTests.xctest */,
				164AB2B82A9FEA5600C068F8 /* MyFirstUITests.xctest */,
			);
			name = Products;
			sourceTree = "<group>";
		};
		164AB29F2A9FEA5500C068F8 /* MyFirst */ = {
			isa = PBXGroup;
			children = (
				164AB2A02A9FEA5500C068F8 /* MyFirstApp.swift */,
				164AB2A22A9FEA5500C068F8 /* ContentView.swift */,
				164AB2CB2A9FF77500C068F8 /* ByeView.swift */,
				164AB2A42A9FEA5500C068F8 /* Assets.xcassets */,
				164AB2A92A9FEA5500C068F8 /* MyFirst.entitlements */,
				164AB2A62A9FEA5500C068F8 /* Preview Content */,
			);
			path = MyFirst;
			sourceTree = "<group>";
		};
		164AB2A62A9FEA5500C068F8 /* Preview Content */ = {
			isa = PBXGroup;
			children = (
				164AB2A72A9FEA5500C068F8 /* Preview Assets.xcassets */,
			);
			path = "Preview Content";
			sourceTree = "<group>";
		};
		164AB2B12A9FEA5600C068F8 /* MyFirstTests */ = {
			isa = PBXGroup;
			children = (
				164AB2B22A9FEA5600C068F8 /* MyFirstTests.swift */,
			);
			path = MyFirstTests;
			sourceTree = "<group>";
		};
		164AB2BB2A9FEA5600C068F8 /* MyFirstUITests */ = {
			isa = PBXGroup;
			children = (
				164AB2BC2A9FEA5600C068F8 /* MyFirstUITests.swift */,
				164AB2BE2A9FEA5600C068F8 /* MyFirstUITestsLaunchTests.swift */,
			);
			path = MyFirstUITests;
			sourceTree = "<group>";
		};
/* End PBXGroup section */

/* Begin PBXNativeTarget section */
		164AB29C2A9FEA5500C068F8 /* MyFirst */ = {
			isa = PBXNativeTarget;
			buildConfigurationList = 164AB2C22A9FEA5600C068F8 /* Build configuration list for PBXNativeTarget "MyFirst" */;
			buildPhases = (
				164AB2992A9FEA5500C068F8 /* Sources */,
				164AB29A2A9FEA5500C068F8 /* Frameworks */,
				164AB29B2A9FEA5500C068F8 /* Resources */,
			);
			buildRules = (
			);
			dependencies = (
			);
			name = MyFirst;
			productName = MyFirst;
			productReference = 164AB29D2A9FEA5500C068F8 /* MyFirst.app */;
			productType = "com.apple.product-type.application";
		};
		164AB2AD2A9FEA5600C068F8 /* MyFirstTests */ = {
			isa = PBXNativeTarget;
			buildConfigurationList = 164AB2C52A9FEA5600C068F8 /* Build configuration list for PBXNativeTarget "MyFirstTests" */;
			buildPhases = (
				164AB2AA2A9FEA5600C068F8 /* Sources */,
				164AB2AB2A9FEA5600C068F8 /* Frameworks */,
				164AB2AC2A9FEA5600C068F8 /* Resources */,
			);
			buildRules = (
			);
			dependencies = (
				164AB2B02A9FEA5600C068F8 /* PBXTargetDependency */,
			);
			name = MyFirstTests;
			productName = MyFirstTests;
			productReference = 164AB2AE2A9FEA5600C068F8 /* MyFirstTests.xctest */;
			productType = "com.apple.product-type.bundle.unit-test";
		};
		164AB2B72A9FEA5600C068F8 /* MyFirstUITests */ = {
			isa = PBXNativeTarget;
			buildConfigurationList = 164AB2C82A9FEA5600C068F8 /* Build configuration list for PBXNativeTarget "MyFirstUITests" */;
			buildPhases = (
				164AB2B42A9FEA5600C068F8 /* Sources */,
				164AB2B52A9FEA5600C068F8 /* Frameworks */,
				164AB2B62A9FEA5600C068F8 /* Resources */,
			);
			buildRules = (
			);
			dependencies = (
				164AB2BA2A9FEA5600C068F8 /* PBXTargetDependency */,
			);
			name = MyFirstUITests;
			productName = MyFirstUITests;
			productReference = 164AB2B82A9FEA5600C068F8 /* MyFirstUITests.xctest */;
			productType = "com.apple.product-type.bundle.ui-testing";
		};
/* End PBXNativeTarget section */

/* Begin PBXProject section */
		164AB2952A9FEA5500C068F8 /* Project object */ = {
			isa = PBXProject;
			attributes = {
				BuildIndependentTargetsInParallel = 1;
				LastSwiftUpdateCheck = 1430;
				LastUpgradeCheck = 1430;
				TargetAttributes = {
					164AB29C2A9FEA5500C068F8 = {
						CreatedOnToolsVersion = 14.3.1;
					};
					164AB2AD2A9FEA5600C068F8 = {
						CreatedOnToolsVersion = 14.3.1;
						TestTargetID = 164AB29C2A9FEA5500C068F8;
					};
					164AB2B72A9FEA5600C068F8 = {
						CreatedOnToolsVersion = 14.3.1;
						TestTargetID = 164AB29C2A9FEA5500C068F8;
					};
				};
			};
			buildConfigurationList = 164AB2982A9FEA5500C068F8 /* Build configuration list for PBXProject "MyFirst" */;
			compatibilityVersion = "Xcode 14.0";
			developmentRegion = en;
			hasScannedForEncodings = 0;
			knownRegions = (
				en,
				Base,
			);
			mainGroup = 164AB2942A9FEA5400C068F8;
			productRefGroup = 164AB29E2A9FEA5500C068F8 /* Products */;
			projectDirPath = "";
			projectRoot = "";
			targets = (
				164AB29C2A9FEA5500C068F8 /* MyFirst */,
				164AB2AD2A9FEA5600C068F8 /* MyFirstTests */,
				164AB2B72A9FEA5600C068F8 /* MyFirstUITests */,
			);
		};
/* End PBXProject section */

/* Begin PBXResourcesBuildPhase section */
		164AB29B2A9FEA5500C068F8 /* Resources */ = {
			isa = PBXResourcesBuildPhase;
			buildActionMask = 2147483647;
			files = (
				164AB2A82A9FEA5500C068F8 /* Preview Assets.xcassets in Resources */,
				164AB2A52A9FEA5500C068F8 /* Assets.xcassets in Resources */,
			);
			runOnlyForDeploymentPostprocessing = 0;
		};
		164AB2AC2A9FEA5600C068F8 /* Resources */ = {
			isa = PBXResourcesBuildPhase;
			buildActionMask = 2147483647;
			files = (
			);
			runOnlyForDeploymentPostprocessing = 0;
		};
		164AB2B62A9FEA5600C068F8 /* Resources */ = {
			isa = PBXResourcesBuildPhase;
			buildActionMask = 2147483647;
			files = (
			);
			runOnlyForDeploymentPostprocessing = 0;
		};
/* End PBXResourcesBuildPhase section */

/* Begin PBXSourcesBuildPhase section */
		164AB2992A9FEA5500C068F8 /* Sources */ = {
			isa = PBXSourcesBuildPhase;
			buildActionMask = 2147483647;
			files = (
				164AB2CC2A9FF77500C068F8 /* ByeView.swift in Sources */,
				164AB2A32A9FEA5500C068F8 /* ContentView.swift in Sources */,
				164AB2A12A9FEA5500C068F8 /* MyFirstApp.swift in Sources */,
			);
			runOnlyForDeploymentPostprocessing = 0;
		};
		164AB2AA2A9FEA5600C068F8 /* Sources */ = {
			isa = PBXSourcesBuildPhase;
			buildActionMask = 2147483647;
			files = (
				164AB2B32A9FEA5600C068F8 /* MyFirstTests.swift in Sources */,
			);
			runOnlyForDeploymentPostprocessing = 0;
		};
		164AB2B42A9FEA5600C068F8 /* Sources */ = {
			isa = PBXSourcesBuildPhase;
			buildActionMask = 2147483647;
			files = (
				164AB2BD2A9FEA5600C068F8 /* MyFirstUITests.swift in Sources */,
				164AB2BF2A9FEA5600C068F8 /* MyFirstUITestsLaunchTests.swift in Sources */,
			);
			runOnlyForDeploymentPostprocessing = 0;
		};
/* End PBXSourcesBuildPhase section */

/* Begin PBXTargetDependency section */
		164AB2B02A9FEA5600C068F8 /* PBXTargetDependency */ = {
			isa = PBXTargetDependency;
			target = 164AB29C2A9FEA5500C068F8 /* MyFirst */;
			targetProxy = 164AB2AF2A9FEA5600C068F8 /* PBXContainerItemProxy */;
		};
		164AB2BA2A9FEA5600C068F8 /* PBXTargetDependency */ = {
			isa = PBXTargetDependency;
			target = 164AB29C2A9FEA5500C068F8 /* MyFirst */;
			targetProxy = 164AB2B92A9FEA5600C068F8 /* PBXContainerItemProxy */;
		};
/* End PBXTargetDependency section */

/* Begin XCBuildConfiguration section */
		164AB2C02A9FEA5600C068F8 /* Debug */ = {
			isa = XCBuildConfiguration;
			buildSettings = {
				ALWAYS_SEARCH_USER_PATHS = NO;
				CLANG_ANALYZER_NONNULL = YES;
				CLANG_ANALYZER_NUMBER_OBJECT_CONVERSION = YES_AGGRESSIVE;
				CLANG_CXX_LANGUAGE_STANDARD = "gnu++20";
				CLANG_ENABLE_MODULES = YES;
				CLANG_ENABLE_OBJC_ARC = YES;
				CLANG_ENABLE_OBJC_WEAK = YES;
				CLANG_WARN_BLOCK_CAPTURE_AUTORELEASING = YES;
				CLANG_WARN_BOOL_CONVERSION = YES;
				CLANG_WARN_COMMA = YES;
				CLANG_WARN_CONSTANT_CONVERSION = YES;
				CLANG_WARN_DEPRECATED_OBJC_IMPLEMENTATIONS = YES;
				CLANG_WARN_DIRECT_OBJC_ISA_USAGE = YES_ERROR;
				CLANG_WARN_DOCUMENTATION_COMMENTS = YES;
				CLANG_WARN_EMPTY_BODY = YES;
				CLANG_WARN_ENUM_CONVERSION = YES;
				CLANG_WARN_INFINITE_RECURSION = YES;
				CLANG_WARN_INT_CONVERSION = YES;
				CLANG_WARN_NON_LITERAL_NULL_CONVERSION = YES;
				CLANG_WARN_OBJC_IMPLICIT_RETAIN_SELF = YES;
				CLANG_WARN_OBJC_LITERAL_CONVERSION = YES;
				CLANG_WARN_OBJC_ROOT_CLASS = YES_ERROR;
				CLANG_WARN_QUOTED_INCLUDE_IN_FRAMEWORK_HEADER = YES;
				CLANG_WARN_RANGE_LOOP_ANALYSIS = YES;
				CLANG_WARN_STRICT_PROTOTYPES = YES;
				CLANG_WARN_SUSPICIOUS_MOVE = YES;
				CLANG_WARN_UNGUARDED_AVAILABILITY = YES_AGGRESSIVE;
				CLANG_WARN_UNREACHABLE_CODE = YES;
				CLANG_WARN__DUPLICATE_METHOD_MATCH = YES;
				COPY_PHASE_STRIP = NO;
				DEBUG_INFORMATION_FORMAT = dwarf;
				ENABLE_STRICT_OBJC_MSGSEND = YES;
				ENABLE_TESTABILITY = YES;
				GCC_C_LANGUAGE_STANDARD = gnu11;
				GCC_DYNAMIC_NO_PIC = NO;
				GCC_NO_COMMON_BLOCKS = YES;
				GCC_OPTIMIZATION_LEVEL = 0;
				GCC_PREPROCESSOR_DEFINITIONS = (
					"DEBUG=1",
					"$(inherited)",
				);
				GCC_WARN_64_TO_32_BIT_CONVERSION = YES;
				GCC_WARN_ABOUT_RETURN_TYPE = YES_ERROR;
				GCC_WARN_UNDECLARED_SELECTOR = YES;
				GCC_WARN_UNINITIALIZED_AUTOS = YES_AGGRESSIVE;
				GCC_WARN_UNUSED_FUNCTION = YES;
				GCC_WARN_UNUSED_VARIABLE = YES;
				MACOSX_DEPLOYMENT_TARGET = 13.3;
				MTL_ENABLE_DEBUG_INFO = INCLUDE_SOURCE;
				MTL_FAST_MATH = YES;
				ONLY_ACTIVE_ARCH = YES;
				SDKROOT = macosx;
				SWIFT_ACTIVE_COMPILATION_CONDITIONS = DEBUG;
				SWIFT_OPTIMIZATION_LEVEL = "-Onone";
			};
			name = Debug;
		};
		164AB2C12A9FEA5600C068F8 /* Release */ = {
			isa = XCBuildConfiguration;
			buildSettings = {
				ALWAYS_SEARCH_USER_PATHS = NO;
				CLANG_ANALYZER_NONNULL = YES;
				CLANG_ANALYZER_NUMBER_OBJECT_CONVERSION = YES_AGGRESSIVE;
				CLANG_CXX_LANGUAGE_STANDARD = "gnu++20";
				CLANG_ENABLE_MODULES = YES;
				CLANG_ENABLE_OBJC_ARC = YES;
				CLANG_ENABLE_OBJC_WEAK = YES;
				CLANG_WARN_BLOCK_CAPTURE_AUTORELEASING = YES;
				CLANG_WARN_BOOL_CONVERSION = YES;
				CLANG_WARN_COMMA = YES;
				CLANG_WARN_CONSTANT_CONVERSION = YES;
				CLANG_WARN_DEPRECATED_OBJC_IMPLEMENTATIONS = YES;
				CLANG_WARN_DIRECT_OBJC_ISA_USAGE = YES_ERROR;
				CLANG_WARN_DOCUMENTATION_COMMENTS = YES;
				CLANG_WARN_EMPTY_BODY = YES;
				CLANG_WARN_ENUM_CONVERSION = YES;
				CLANG_WARN_INFINITE_RECURSION = YES;
				CLANG_WARN_INT_CONVERSION = YES;
				CLANG_WARN_NON_LITERAL_NULL_CONVERSION = YES;
				CLANG_WARN_OBJC_IMPLICIT_RETAIN_SELF = YES;
				CLANG_WARN_OBJC_LITERAL_CONVERSION = YES;
				CLANG_WARN_OBJC_ROOT_CLASS = YES_ERROR;
				CLANG_WARN_QUOTED_INCLUDE_IN_FRAMEWORK_HEADER = YES;
				CLANG_WARN_RANGE_LOOP_ANALYSIS = YES;
				CLANG_WARN_STRICT_PROTOTYPES = YES;
				CLANG_WARN_SUSPICIOUS_MOVE = YES;
				CLANG_WARN_UNGUARDED_AVAILABILITY = YES_AGGRESSIVE;
				CLANG_WARN_UNREACHABLE_CODE = YES;
				CLANG_WARN__DUPLICATE_METHOD_MATCH = YES;
				COPY_PHASE_STRIP = NO;
				DEBUG_INFORMATION_FORMAT = "dwarf-with-dsym";
				ENABLE_NS_ASSERTIONS = NO;
				ENABLE_STRICT_OBJC_MSGSEND = YES;
				GCC_C_LANGUAGE_STANDARD = gnu11;
				GCC_NO_COMMON_BLOCKS = YES;
				GCC_WARN_64_TO_32_BIT_CONVERSION = YES;
				GCC_WARN_ABOUT_RETURN_TYPE = YES_ERROR;
				GCC_WARN_UNDECLARED_SELECTOR = YES;
				GCC_WARN_UNINITIALIZED_AUTOS = YES_AGGRESSIVE;
				GCC_WARN_UNUSED_FUNCTION = YES;
				GCC_WARN_UNUSED_VARIABLE = YES;
				MACOSX_DEPLOYMENT_TARGET = 13.3;
				MTL_ENABLE_DEBUG_INFO = NO;
				MTL_FAST_MATH = YES;
				SDKROOT = macosx;
				SWIFT_COMPILATION_MODE = wholemodule;
				SWIFT_OPTIMIZATION_LEVEL = "-O";
			};
			name = Release;
		};
		164AB2C32A9FEA5600C068F8 /* Debug */ = {
			isa = XCBuildConfiguration;
			buildSettings = {
				ASSETCATALOG_COMPILER_APPICON_NAME = AppIcon;
				ASSETCATALOG_COMPILER_GLOBAL_ACCENT_COLOR_NAME = AccentColor;
				CODE_SIGN_ENTITLEMENTS = MyFirst/MyFirst.entitlements;
				CODE_SIGN_STYLE = Automatic;
				COMBINE_HIDPI_IMAGES = YES;
				CURRENT_PROJECT_VERSION = 1;
				DEVELOPMENT_ASSET_PATHS = "\"MyFirst/Preview Content\"";
				ENABLE_PREVIEWS = YES;
				GENERATE_INFOPLIST_FILE = YES;
				INFOPLIST_KEY_NSHumanReadableCopyright = "";
				LD_RUNPATH_SEARCH_PATHS = (
					"$(inherited)",
					"@executable_path/../Frameworks",
				);
				MARKETING_VERSION = 1.0;
				PRODUCT_BUNDLE_IDENTIFIER = org.ios.MyFirst;
				PRODUCT_NAME = "$(TARGET_NAME)";
				SWIFT_EMIT_LOC_STRINGS = YES;
				SWIFT_VERSION = 5.0;
			};
			name = Debug;
		};
		164AB2C42A9FEA5600C068F8 /* Release */ = {
			isa = XCBuildConfiguration;
			buildSettings = {
				ASSETCATALOG_COMPILER_APPICON_NAME = AppIcon;
				ASSETCATALOG_COMPILER_GLOBAL_ACCENT_COLOR_NAME = AccentColor;
				CODE_SIGN_ENTITLEMENTS = MyFirst/MyFirst.entitlements;
				CODE_SIGN_STYLE = Automatic;
				COMBINE_HIDPI_IMAGES = YES;
				CURRENT_PROJECT_VERSION = 1;
				DEVELOPMENT_ASSET_PATHS = "\"MyFirst/Preview Content\"";
				ENABLE_PREVIEWS = YES;
				GENERATE_INFOPLIST_FILE = YES;
				INFOPLIST_KEY_NSHumanReadableCopyright = "";
				LD_RUNPATH_SEARCH_PATHS = (
					"$(inherited)",
					"@executable_path/../Frameworks",
				);
				MARKETING_VERSION = 1.0;
				PRODUCT_BUNDLE_IDENTIFIER = org.ios.MyFirst;
				PRODUCT_NAME = "$(TARGET_NAME)";
				SWIFT_EMIT_LOC_STRINGS = YES;
				SWIFT_VERSION = 5.0;
			};
			name = Release;
		};
		164AB2C62A9FEA5600C068F8 /* Debug */ = {
			isa = XCBuildConfiguration;
			buildSettings = {
				ALWAYS_EMBED_SWIFT_STANDARD_LIBRARIES = YES;
				BUNDLE_LOADER = "$(TEST_HOST)";
				CODE_SIGN_STYLE = Automatic;
				CURRENT_PROJECT_VERSION = 1;
				GENERATE_INFOPLIST_FILE = YES;
				MACOSX_DEPLOYMENT_TARGET = 13.3;
				MARKETING_VERSION = 1.0;
				PRODUCT_BUNDLE_IDENTIFIER = org.ios.MyFirstTests;
				PRODUCT_NAME = "$(TARGET_NAME)";
				SWIFT_EMIT_LOC_STRINGS = NO;
				SWIFT_VERSION = 5.0;
				TEST_HOST = "$(BUILT_PRODUCTS_DIR)/MyFirst.app/$(BUNDLE_EXECUTABLE_FOLDER_PATH)/MyFirst";
			};
			name = Debug;
		};
		164AB2C72A9FEA5600C068F8 /* Release */ = {
			isa = XCBuildConfiguration;
			buildSettings = {
				ALWAYS_EMBED_SWIFT_STANDARD_LIBRARIES = YES;
				BUNDLE_LOADER = "$(TEST_HOST)";
				CODE_SIGN_STYLE = Automatic;
				CURRENT_PROJECT_VERSION = 1;
				GENERATE_INFOPLIST_FILE = YES;
				MACOSX_DEPLOYMENT_TARGET = 13.3;
				MARKETING_VERSION = 1.0;
				PRODUCT_BUNDLE_IDENTIFIER = org.ios.MyFirstTests;
				PRODUCT_NAME = "$(TARGET_NAME)";
				SWIFT_EMIT_LOC_STRINGS = NO;
				SWIFT_VERSION = 5.0;
				TEST_HOST = "$(BUILT_PRODUCTS_DIR)/MyFirst.app/$(BUNDLE_EXECUTABLE_FOLDER_PATH)/MyFirst";
			};
			name = Release;
		};
		164AB2C92A9FEA5600C068F8 /* Debug */ = {
			isa = XCBuildConfiguration;
			buildSettings = {
				ALWAYS_EMBED_SWIFT_STANDARD_LIBRARIES = YES;
				CODE_SIGN_STYLE = Automatic;
				CURRENT_PROJECT_VERSION = 1;
				GENERATE_INFOPLIST_FILE = YES;
				MARKETING_VERSION = 1.0;
				PRODUCT_BUNDLE_IDENTIFIER = org.ios.MyFirstUITests;
				PRODUCT_NAME = "$(TARGET_NAME)";
				SWIFT_EMIT_LOC_STRINGS = NO;
				SWIFT_VERSION = 5.0;
				TEST_TARGET_NAME = MyFirst;
			};
			name = Debug;
		};
		164AB2CA2A9FEA5600C068F8 /* Release */ = {
			isa = XCBuildConfiguration;
			buildSettings = {
				ALWAYS_EMBED_SWIFT_STANDARD_LIBRARIES = YES;
				CODE_SIGN_STYLE = Automatic;
				CURRENT_PROJECT_VERSION = 1;
				GENERATE_INFOPLIST_FILE = YES;
				MARKETING_VERSION = 1.0;
				PRODUCT_BUNDLE_IDENTIFIER = org.ios.MyFirstUITests;
				PRODUCT_NAME = "$(TARGET_NAME)";
				SWIFT_EMIT_LOC_STRINGS = NO;
				SWIFT_VERSION = 5.0;
				TEST_TARGET_NAME = MyFirst;
			};
			name = Release;
		};
/* End XCBuildConfiguration section */

/* Begin XCConfigurationList section */
		164AB2982A9FEA5500C068F8 /* Build configuration list for PBXProject "MyFirst" */ = {
			isa = XCConfigurationList;
			buildConfigurations = (
				164AB2C02A9FEA5600C068F8 /* Debug */,
				164AB2C12A9FEA5600C068F8 /* Release */,
			);
			defaultConfigurationIsVisible = 0;
			defaultConfigurationName = Release;
		};
		164AB2C22A9FEA5600C068F8 /* Build configuration list for PBXNativeTarget "MyFirst" */ = {
			isa = XCConfigurationList;
			buildConfigurations = (
				164AB2C32A9FEA5600C068F8 /* Debug */,
				164AB2C42A9FEA5600C068F8 /* Release */,
			);
			defaultConfigurationIsVisible = 0;
			defaultConfigurationName = Release;
		};
		164AB2C52A9FEA5600C068F8 /* Build configuration list for PBXNativeTarget "MyFirstTests" */ = {
			isa = XCConfigurationList;
			buildConfigurations = (
				164AB2C62A9FEA5600C068F8 /* Debug */,
				164AB2C72A9FEA5600C068F8 /* Release */,
			);
			defaultConfigurationIsVisible = 0;
			defaultConfigurationName = Release;
		};
		164AB2C82A9FEA5600C068F8 /* Build configuration list for PBXNativeTarget "MyFirstUITests" */ = {
			isa = XCConfigurationList;
			buildConfigurations = (
				164AB2C92A9FEA5600C068F8 /* Debug */,
				164AB2CA2A9FEA5600C068F8 /* Release */,
			);
			defaultConfigurationIsVisible = 0;
			defaultConfigurationName = Release;
		};
/* End XCConfigurationList section */
	};
	rootObject = 164AB2952A9FEA5500C068F8 /* Project object */;
}
